
Microsoft Visual Studio Solution File, Format Version 12.00
# Visual Studio Version 17
VisualStudioVersion = 17.4.33213.308
MinimumVisualStudioVersion = 10.0.40219.1
Project("{9A19103F-16F7-4668-BE54-9A1E7A4F7556}") = "BlazorAppNoAuth", "BlazorAppNoAuth\BlazorAppNoAuth.csproj", "{D146755F-9078-40AB-B0F5-523D1C919CB5}"
EndProject
Project("{9A19103F-16F7-4668-BE54-9A1E7A4F7556}") = "SuityouWFW", "..\SuityouWFW\SuityouWFW.csproj", "{FC003704-6EF4-417E-B43D-E1DD301181E7}"
EndProject
Global
	GlobalSection(SolutionConfigurationPlatforms) = preSolution
		Debug|Any CPU = Debug|Any CPU
		Release|Any CPU = Release|Any CPU
	EndGlobalSection
	GlobalSection(ProjectConfigurationPlatforms) = postSolution
		{D146755F-9078-40AB-B0F5-523D1C919CB5}.Debug|Any CPU.ActiveCfg = Debug|Any CPU
		{D146755F-9078-40AB-B0F5-523D1C919CB5}.Debug|Any CPU.Build.0 = Debug|Any CPU
		{D146755F-9078-40AB-B0F5-523D1C919CB5}.Release|Any CPU.ActiveCfg = Release|Any CPU
		{D146755F-9078-40AB-B0F5-523D1C919CB5}.Release|Any CPU.Build.0 = Release|Any CPU
		{FC003704-6EF4-417E-B43D-E1DD301181E7}.Debug|Any CPU.ActiveCfg = Debug|Any CPU
		{FC003704-6EF4-417E-B43D-E1DD301181E7}.Debug|Any CPU.Build.0 = Debug|Any CPU
		{FC003704-6EF4-417E-B43D-E1DD301181E7}.Release|Any CPU.ActiveCfg = Release|Any CPU
		{FC003704-6EF4-417E-B43D-E1DD301181E7}.Release|Any CPU.Build.0 = Release|Any CPU
	EndGlobalSection
	GlobalSection(SolutionProperties) = preSolution
		HideSolutionNode = FALSE
	EndGlobalSection
	GlobalSection(ExtensibilityGlobals) = postSolution
		SolutionGuid = {B0C8DF28-1E2C-44B9-AF4E-72029FFAC7F9}
	EndGlobalSection
EndGlobal
